
Microsoft Visual Studio Solution File, Format Version 12.00
# Visual Studio Version 17
VisualStudioVersion = 17.5.33414.496
MinimumVisualStudioVersion = 10.0.40219.1
Project("{8BC9CEB8-8B4A-11D0-8D11-00A0C91BC942}") = "01_Cout", "01_Cout\01_Cout.vcxproj", "{2B7C732C-DDDB-4776-965B-8BBB949A3148}"
EndProject
Project("{8BC9CEB8-8B4A-11D0-8D11-00A0C91BC942}") = "02_Algorithm", "02_Algorithm\02_Algorithm.vcxproj", "{8220F55E-3C90-4EDD-908E-0F88A0F1CB9E}"
EndProject
Project("{8BC9CEB8-8B4A-11D0-8D11-00A0C91BC942}") = "03_Cin", "03_Cin\03_Cin.vcxproj", "{9DCCE219-2914-4921-9DF4-7CD0F8FBCF82}"
EndProject
Project("{8BC9CEB8-8B4A-11D0-8D11-00A0C91BC942}") = "04_Exercise", "04_Exercise\04_Exercise.vcxproj", "{B94CAA63-C648-4F9F-8B72-CDADBC6A579E}"
EndProject
Project("{8BC9CEB8-8B4A-11D0-8D11-00A0C91BC942}") = "05_If_else", "05_If_else\05_If_else.vcxproj", "{25B4AABC-68FF-41CD-95EE-F63066CC92FB}"
EndProject
Project("{8BC9CEB8-8B4A-11D0-8D11-00A0C91BC942}") = "06_Operators", "06_Operators\06_Operators.vcxproj", "{A7EE9660-1E45-4844-86E1-6A48B6972BE4}"
EndProject
Project("{8BC9CEB8-8B4A-11D0-8D11-00A0C91BC942}") = "07_Switch", "07_Switch\07_Switch.vcxproj", "{10642AD6-ABB8-4030-AED5-B39EC4D13939}"
EndProject
Project("{8BC9CEB8-8B4A-11D0-8D11-00A0C91BC942}") = "08_Enum", "08_Enum\08_Enum.vcxproj", "{D4A9EFA3-C997-4A06-8333-5882C9FAB8FA}"
EndProject
Project("{8BC9CEB8-8B4A-11D0-8D11-00A0C91BC942}") = "09_While_do", "09_While_do\09_While_do.vcxproj", "{B37925FE-A9BC-4F84-84EB-7940CE213205}"
EndProject
Project("{8BC9CEB8-8B4A-11D0-8D11-00A0C91BC942}") = "10_For", "10_For\10_For.vcxproj", "{C4040E1A-68D1-44F1-831B-5D75B7E55951}"
EndProject
Project("{8BC9CEB8-8B4A-11D0-8D11-00A0C91BC942}") = "11_For_for", "11_For_for\11_For_for.vcxproj", "{3EA402D6-1720-4721-9A9A-0919C1B9BCAF}"
EndProject
Project("{8BC9CEB8-8B4A-11D0-8D11-00A0C91BC942}") = "12_Arrays", "12_Arrays\12_Arrays.vcxproj", "{DED4B8BE-7914-498B-8F28-9279D4CA7F7A}"
EndProject
Project("{8BC9CEB8-8B4A-11D0-8D11-00A0C91BC942}") = "13_Random", "13_Random\13_Random.vcxproj", "{834C3880-9476-463E-9794-C6CE31373A80}"
EndProject
Project("{8BC9CEB8-8B4A-11D0-8D11-00A0C91BC942}") = "14_One_array", "14_One_array\14_One_array.vcxproj", "{44A65600-29ED-4361-BB7A-F98E27210640}"
EndProject
Project("{8BC9CEB8-8B4A-11D0-8D11-00A0C91BC942}") = "15_Two_static_arrays", "15_Two_static_arrays\15_Two_static_arrays.vcxproj", "{D8C2949B-55A2-4E78-ACB8-42311760103D}"
EndProject
Project("{8BC9CEB8-8B4A-11D0-8D11-00A0C91BC942}") = "16_Control_work", "16_Control_work\16_Control_work.vcxproj", "{4299768A-26D7-4682-9259-59F39D49A5EA}"
EndProject
Project("{8BC9CEB8-8B4A-11D0-8D11-00A0C91BC942}") = "17_Functions", "17_Functions\17_Functions.vcxproj", "{C380C801-0709-4972-8FD9-A6C2DDC1CD32}"
EndProject
Project("{8BC9CEB8-8B4A-11D0-8D11-00A0C91BC942}") = "18_Arguments", "18_Arguments\18_Arguments.vcxproj", "{F09F9613-F45E-4A49-AD61-C938D409F692}"
EndProject
Project("{8BC9CEB8-8B4A-11D0-8D11-00A0C91BC942}") = "19_Template", "19_Template\19_Template.vcxproj", "{F479ECB2-A42A-4AC7-9903-25CF6FB8ACC9}"
EndProject
Project("{8BC9CEB8-8B4A-11D0-8D11-00A0C91BC942}") = "20_Bubble_sort", "20_Bubble_sort\20_Bubble_sort.vcxproj", "{D2CE4707-0B56-4D70-A499-657B12B19673}"
EndProject
Project("{8BC9CEB8-8B4A-11D0-8D11-00A0C91BC942}") = "21_ASCII_table", "21_ASCII_table\21_ASCII_table.vcxproj", "{D4877EE6-3144-4A85-82FC-444431BA7BB9}"
EndProject
Project("{8BC9CEB8-8B4A-11D0-8D11-00A0C91BC942}") = "22_Pointers", "22_Pointers\22_Pointers.vcxproj", "{C2E9BA34-88F9-4F14-9C57-337E94C7947A}"
EndProject
Project("{8BC9CEB8-8B4A-11D0-8D11-00A0C91BC942}") = "23_Pointers_in_functions", "23_Pointers_in_functions\23_Pointers_in_functions.vcxproj", "{0B538C2C-9D6B-477A-AF2D-5FCEB36E9412}"
EndProject
Project("{8BC9CEB8-8B4A-11D0-8D11-00A0C91BC942}") = "24_Dynamic_memory", "24_Dynamic_memory\24_Dynamic_memory.vcxproj", "{B2C2BEB9-8708-4E34-A145-E9809E98825C}"
EndProject
Project("{8BC9CEB8-8B4A-11D0-8D11-00A0C91BC942}") = "25_Rows", "25_Rows\25_Rows.vcxproj", "{8223EDF6-0D51-4DB6-9444-3CE6B629CA7F}"
EndProject
Project("{8BC9CEB8-8B4A-11D0-8D11-00A0C91BC942}") = "26_Struct", "26_Struct\26_Struct.vcxproj", "{5D8E882F-F48C-46AC-A533-E1F6F8F593DB}"
EndProject
Project("{8BC9CEB8-8B4A-11D0-8D11-00A0C91BC942}") = "27_Structures", "27_Structures\27_Structures.vcxproj", "{0BC79D34-4953-4186-91DD-AC7661930521}"
EndProject
Project("{8BC9CEB8-8B4A-11D0-8D11-00A0C91BC942}") = "28_Two_dynamic_arrays", "28_Two_dynamic_arrays\28_Two_dynamic_arrays.vcxproj", "{1397E297-7736-44B8-BE35-8D70AC352764}"
EndProject
Project("{8BC9CEB8-8B4A-11D0-8D11-00A0C91BC942}") = "29_Char_arrays", "29_Char_arrays\29_Char_arrays.vcxproj", "{5CDA98F5-1CFF-4C4A-8DD5-E5690AD9055D}"
EndProject
Project("{8BC9CEB8-8B4A-11D0-8D11-00A0C91BC942}") = "30_Files", "30_Files\30_Files.vcxproj", "{65FCD815-E7FF-4A47-9C43-5091633E239B}"
EndProject
Global
	GlobalSection(SolutionConfigurationPlatforms) = preSolution
		Debug|x64 = Debug|x64
		Debug|x86 = Debug|x86
		Release|x64 = Release|x64
		Release|x86 = Release|x86
	EndGlobalSection
	GlobalSection(ProjectConfigurationPlatforms) = postSolution
		{2B7C732C-DDDB-4776-965B-8BBB949A3148}.Debug|x64.ActiveCfg = Debug|x64
		{2B7C732C-DDDB-4776-965B-8BBB949A3148}.Debug|x64.Build.0 = Debug|x64
		{2B7C732C-DDDB-4776-965B-8BBB949A3148}.Debug|x86.ActiveCfg = Debug|Win32
		{2B7C732C-DDDB-4776-965B-8BBB949A3148}.Debug|x86.Build.0 = Debug|Win32
		{2B7C732C-DDDB-4776-965B-8BBB949A3148}.Release|x64.ActiveCfg = Release|x64
		{2B7C732C-DDDB-4776-965B-8BBB949A3148}.Release|x64.Build.0 = Release|x64
		{2B7C732C-DDDB-4776-965B-8BBB949A3148}.Release|x86.ActiveCfg = Release|Win32
		{2B7C732C-DDDB-4776-965B-8BBB949A3148}.Release|x86.Build.0 = Release|Win32
		{8220F55E-3C90-4EDD-908E-0F88A0F1CB9E}.Debug|x64.ActiveCfg = Debug|x64
		{8220F55E-3C90-4EDD-908E-0F88A0F1CB9E}.Debug|x64.Build.0 = Debug|x64
		{8220F55E-3C90-4EDD-908E-0F88A0F1CB9E}.Debug|x86.ActiveCfg = Debug|Win32
		{8220F55E-3C90-4EDD-908E-0F88A0F1CB9E}.Debug|x86.Build.0 = Debug|Win32
		{8220F55E-3C90-4EDD-908E-0F88A0F1CB9E}.Release|x64.ActiveCfg = Release|x64
		{8220F55E-3C90-4EDD-908E-0F88A0F1CB9E}.Release|x64.Build.0 = Release|x64
		{8220F55E-3C90-4EDD-908E-0F88A0F1CB9E}.Release|x86.ActiveCfg = Release|Win32
		{8220F55E-3C90-4EDD-908E-0F88A0F1CB9E}.Release|x86.Build.0 = Release|Win32
		{9DCCE219-2914-4921-9DF4-7CD0F8FBCF82}.Debug|x64.ActiveCfg = Debug|x64
		{9DCCE219-2914-4921-9DF4-7CD0F8FBCF82}.Debug|x64.Build.0 = Debug|x64
		{9DCCE219-2914-4921-9DF4-7CD0F8FBCF82}.Debug|x86.ActiveCfg = Debug|Win32
		{9DCCE219-2914-4921-9DF4-7CD0F8FBCF82}.Debug|x86.Build.0 = Debug|Win32
		{9DCCE219-2914-4921-9DF4-7CD0F8FBCF82}.Release|x64.ActiveCfg = Release|x64
		{9DCCE219-2914-4921-9DF4-7CD0F8FBCF82}.Release|x64.Build.0 = Release|x64
		{9DCCE219-2914-4921-9DF4-7CD0F8FBCF82}.Release|x86.ActiveCfg = Release|Win32
		{9DCCE219-2914-4921-9DF4-7CD0F8FBCF82}.Release|x86.Build.0 = Release|Win32
		{B94CAA63-C648-4F9F-8B72-CDADBC6A579E}.Debug|x64.ActiveCfg = Debug|x64
		{B94CAA63-C648-4F9F-8B72-CDADBC6A579E}.Debug|x64.Build.0 = Debug|x64
		{B94CAA63-C648-4F9F-8B72-CDADBC6A579E}.Debug|x86.ActiveCfg = Debug|Win32
		{B94CAA63-C648-4F9F-8B72-CDADBC6A579E}.Debug|x86.Build.0 = Debug|Win32
		{B94CAA63-C648-4F9F-8B72-CDADBC6A579E}.Release|x64.ActiveCfg = Release|x64
		{B94CAA63-C648-4F9F-8B72-CDADBC6A579E}.Release|x64.Build.0 = Release|x64
		{B94CAA63-C648-4F9F-8B72-CDADBC6A579E}.Release|x86.ActiveCfg = Release|Win32
		{B94CAA63-C648-4F9F-8B72-CDADBC6A579E}.Release|x86.Build.0 = Release|Win32
		{25B4AABC-68FF-41CD-95EE-F63066CC92FB}.Debug|x64.ActiveCfg = Debug|x64
		{25B4AABC-68FF-41CD-95EE-F63066CC92FB}.Debug|x64.Build.0 = Debug|x64
		{25B4AABC-68FF-41CD-95EE-F63066CC92FB}.Debug|x86.ActiveCfg = Debug|Win32
		{25B4AABC-68FF-41CD-95EE-F63066CC92FB}.Debug|x86.Build.0 = Debug|Win32
		{25B4AABC-68FF-41CD-95EE-F63066CC92FB}.Release|x64.ActiveCfg = Release|x64
		{25B4AABC-68FF-41CD-95EE-F63066CC92FB}.Release|x64.Build.0 = Release|x64
		{25B4AABC-68FF-41CD-95EE-F63066CC92FB}.Release|x86.ActiveCfg = Release|Win32
		{25B4AABC-68FF-41CD-95EE-F63066CC92FB}.Release|x86.Build.0 = Release|Win32
		{A7EE9660-1E45-4844-86E1-6A48B6972BE4}.Debug|x64.ActiveCfg = Debug|x64
		{A7EE9660-1E45-4844-86E1-6A48B6972BE4}.Debug|x64.Build.0 = Debug|x64
		{A7EE9660-1E45-4844-86E1-6A48B6972BE4}.Debug|x86.ActiveCfg = Debug|Win32
		{A7EE9660-1E45-4844-86E1-6A48B6972BE4}.Debug|x86.Build.0 = Debug|Win32
		{A7EE9660-1E45-4844-86E1-6A48B6972BE4}.Release|x64.ActiveCfg = Release|x64
		{A7EE9660-1E45-4844-86E1-6A48B6972BE4}.Release|x64.Build.0 = Release|x64
		{A7EE9660-1E45-4844-86E1-6A48B6972BE4}.Release|x86.ActiveCfg = Release|Win32
		{A7EE9660-1E45-4844-86E1-6A48B6972BE4}.Release|x86.Build.0 = Release|Win32
		{10642AD6-ABB8-4030-AED5-B39EC4D13939}.Debug|x64.ActiveCfg = Debug|x64
		{10642AD6-ABB8-4030-AED5-B39EC4D13939}.Debug|x64.Build.0 = Debug|x64
		{10642AD6-ABB8-4030-AED5-B39EC4D13939}.Debug|x86.ActiveCfg = Debug|Win32
		{10642AD6-ABB8-4030-AED5-B39EC4D13939}.Debug|x86.Build.0 = Debug|Win32
		{10642AD6-ABB8-4030-AED5-B39EC4D13939}.Release|x64.ActiveCfg = Release|x64
		{10642AD6-ABB8-4030-AED5-B39EC4D13939}.Release|x64.Build.0 = Release|x64
		{10642AD6-ABB8-4030-AED5-B39EC4D13939}.Release|x86.ActiveCfg = Release|Win32
		{10642AD6-ABB8-4030-AED5-B39EC4D13939}.Release|x86.Build.0 = Release|Win32
		{D4A9EFA3-C997-4A06-8333-5882C9FAB8FA}.Debug|x64.ActiveCfg = Debug|x64
		{D4A9EFA3-C997-4A06-8333-5882C9FAB8FA}.Debug|x64.Build.0 = Debug|x64
		{D4A9EFA3-C997-4A06-8333-5882C9FAB8FA}.Debug|x86.ActiveCfg = Debug|Win32
		{D4A9EFA3-C997-4A06-8333-5882C9FAB8FA}.Debug|x86.Build.0 = Debug|Win32
		{D4A9EFA3-C997-4A06-8333-5882C9FAB8FA}.Release|x64.ActiveCfg = Release|x64
		{D4A9EFA3-C997-4A06-8333-5882C9FAB8FA}.Release|x64.Build.0 = Release|x64
		{D4A9EFA3-C997-4A06-8333-5882C9FAB8FA}.Release|x86.ActiveCfg = Release|Win32
		{D4A9EFA3-C997-4A06-8333-5882C9FAB8FA}.Release|x86.Build.0 = Release|Win32
		{B37925FE-A9BC-4F84-84EB-7940CE213205}.Debug|x64.ActiveCfg = Debug|x64
		{B37925FE-A9BC-4F84-84EB-7940CE213205}.Debug|x64.Build.0 = Debug|x64
		{B37925FE-A9BC-4F84-84EB-7940CE213205}.Debug|x86.ActiveCfg = Debug|Win32
		{B37925FE-A9BC-4F84-84EB-7940CE213205}.Debug|x86.Build.0 = Debug|Win32
		{B37925FE-A9BC-4F84-84EB-7940CE213205}.Release|x64.ActiveCfg = Release|x64
		{B37925FE-A9BC-4F84-84EB-7940CE213205}.Release|x64.Build.0 = Release|x64
		{B37925FE-A9BC-4F84-84EB-7940CE213205}.Release|x86.ActiveCfg = Release|Win32
		{B37925FE-A9BC-4F84-84EB-7940CE213205}.Release|x86.Build.0 = Release|Win32
		{C4040E1A-68D1-44F1-831B-5D75B7E55951}.Debug|x64.ActiveCfg = Debug|x64
		{C4040E1A-68D1-44F1-831B-5D75B7E55951}.Debug|x64.Build.0 = Debug|x64
		{C4040E1A-68D1-44F1-831B-5D75B7E55951}.Debug|x86.ActiveCfg = Debug|Win32
		{C4040E1A-68D1-44F1-831B-5D75B7E55951}.Debug|x86.Build.0 = Debug|Win32
		{C4040E1A-68D1-44F1-831B-5D75B7E55951}.Release|x64.ActiveCfg = Release|x64
		{C4040E1A-68D1-44F1-831B-5D75B7E55951}.Release|x64.Build.0 = Release|x64
		{C4040E1A-68D1-44F1-831B-5D75B7E55951}.Release|x86.ActiveCfg = Release|Win32
		{C4040E1A-68D1-44F1-831B-5D75B7E55951}.Release|x86.Build.0 = Release|Win32
		{3EA402D6-1720-4721-9A9A-0919C1B9BCAF}.Debug|x64.ActiveCfg = Debug|x64
		{3EA402D6-1720-4721-9A9A-0919C1B9BCAF}.Debug|x64.Build.0 = Debug|x64
		{3EA402D6-1720-4721-9A9A-0919C1B9BCAF}.Debug|x86.ActiveCfg = Debug|Win32
		{3EA402D6-1720-4721-9A9A-0919C1B9BCAF}.Debug|x86.Build.0 = Debug|Win32
		{3EA402D6-1720-4721-9A9A-0919C1B9BCAF}.Release|x64.ActiveCfg = Release|x64
		{3EA402D6-1720-4721-9A9A-0919C1B9BCAF}.Release|x64.Build.0 = Release|x64
		{3EA402D6-1720-4721-9A9A-0919C1B9BCAF}.Release|x86.ActiveCfg = Release|Win32
		{3EA402D6-1720-4721-9A9A-0919C1B9BCAF}.Release|x86.Build.0 = Release|Win32
		{DED4B8BE-7914-498B-8F28-9279D4CA7F7A}.Debug|x64.ActiveCfg = Debug|x64
		{DED4B8BE-7914-498B-8F28-9279D4CA7F7A}.Debug|x64.Build.0 = Debug|x64
		{DED4B8BE-7914-498B-8F28-9279D4CA7F7A}.Debug|x86.ActiveCfg = Debug|Win32
		{DED4B8BE-7914-498B-8F28-9279D4CA7F7A}.Debug|x86.Build.0 = Debug|Win32
		{DED4B8BE-7914-498B-8F28-9279D4CA7F7A}.Release|x64.ActiveCfg = Release|x64
		{DED4B8BE-7914-498B-8F28-9279D4CA7F7A}.Release|x64.Build.0 = Release|x64
		{DED4B8BE-7914-498B-8F28-9279D4CA7F7A}.Release|x86.ActiveCfg = Release|Win32
		{DED4B8BE-7914-498B-8F28-9279D4CA7F7A}.Release|x86.Build.0 = Release|Win32
		{834C3880-9476-463E-9794-C6CE31373A80}.Debug|x64.ActiveCfg = Debug|x64
		{834C3880-9476-463E-9794-C6CE31373A80}.Debug|x64.Build.0 = Debug|x64
		{834C3880-9476-463E-9794-C6CE31373A80}.Debug|x86.ActiveCfg = Debug|Win32
		{834C3880-9476-463E-9794-C6CE31373A80}.Debug|x86.Build.0 = Debug|Win32
		{834C3880-9476-463E-9794-C6CE31373A80}.Release|x64.ActiveCfg = Release|x64
		{834C3880-9476-463E-9794-C6CE31373A80}.Release|x64.Build.0 = Release|x64
		{834C3880-9476-463E-9794-C6CE31373A80}.Release|x86.ActiveCfg = Release|Win32
		{834C3880-9476-463E-9794-C6CE31373A80}.Release|x86.Build.0 = Release|Win32
		{44A65600-29ED-4361-BB7A-F98E27210640}.Debug|x64.ActiveCfg = Debug|x64
		{44A65600-29ED-4361-BB7A-F98E27210640}.Debug|x64.Build.0 = Debug|x64
		{44A65600-29ED-4361-BB7A-F98E27210640}.Debug|x86.ActiveCfg = Debug|Win32
		{44A65600-29ED-4361-BB7A-F98E27210640}.Debug|x86.Build.0 = Debug|Win32
		{44A65600-29ED-4361-BB7A-F98E27210640}.Release|x64.ActiveCfg = Release|x64
		{44A65600-29ED-4361-BB7A-F98E27210640}.Release|x64.Build.0 = Release|x64
		{44A65600-29ED-4361-BB7A-F98E27210640}.Release|x86.ActiveCfg = Release|Win32
		{44A65600-29ED-4361-BB7A-F98E27210640}.Release|x86.Build.0 = Release|Win32
		{D8C2949B-55A2-4E78-ACB8-42311760103D}.Debug|x64.ActiveCfg = Debug|x64
		{D8C2949B-55A2-4E78-ACB8-42311760103D}.Debug|x64.Build.0 = Debug|x64
		{D8C2949B-55A2-4E78-ACB8-42311760103D}.Debug|x86.ActiveCfg = Debug|Win32
		{D8C2949B-55A2-4E78-ACB8-42311760103D}.Debug|x86.Build.0 = Debug|Win32
		{D8C2949B-55A2-4E78-ACB8-42311760103D}.Release|x64.ActiveCfg = Release|x64
		{D8C2949B-55A2-4E78-ACB8-42311760103D}.Release|x64.Build.0 = Release|x64
		{D8C2949B-55A2-4E78-ACB8-42311760103D}.Release|x86.ActiveCfg = Release|Win32
		{D8C2949B-55A2-4E78-ACB8-42311760103D}.Release|x86.Build.0 = Release|Win32
		{4299768A-26D7-4682-9259-59F39D49A5EA}.Debug|x64.ActiveCfg = Debug|x64
		{4299768A-26D7-4682-9259-59F39D49A5EA}.Debug|x64.Build.0 = Debug|x64
		{4299768A-26D7-4682-9259-59F39D49A5EA}.Debug|x86.ActiveCfg = Debug|Win32
		{4299768A-26D7-4682-9259-59F39D49A5EA}.Debug|x86.Build.0 = Debug|Win32
		{4299768A-26D7-4682-9259-59F39D49A5EA}.Release|x64.ActiveCfg = Release|x64
		{4299768A-26D7-4682-9259-59F39D49A5EA}.Release|x64.Build.0 = Release|x64
		{4299768A-26D7-4682-9259-59F39D49A5EA}.Release|x86.ActiveCfg = Release|Win32
		{4299768A-26D7-4682-9259-59F39D49A5EA}.Release|x86.Build.0 = Release|Win32
		{C380C801-0709-4972-8FD9-A6C2DDC1CD32}.Debug|x64.ActiveCfg = Debug|x64
		{C380C801-0709-4972-8FD9-A6C2DDC1CD32}.Debug|x64.Build.0 = Debug|x64
		{C380C801-0709-4972-8FD9-A6C2DDC1CD32}.Debug|x86.ActiveCfg = Debug|Win32
		{C380C801-0709-4972-8FD9-A6C2DDC1CD32}.Debug|x86.Build.0 = Debug|Win32
		{C380C801-0709-4972-8FD9-A6C2DDC1CD32}.Release|x64.ActiveCfg = Release|x64
		{C380C801-0709-4972-8FD9-A6C2DDC1CD32}.Release|x64.Build.0 = Release|x64
		{C380C801-0709-4972-8FD9-A6C2DDC1CD32}.Release|x86.ActiveCfg = Release|Win32
		{C380C801-0709-4972-8FD9-A6C2DDC1CD32}.Release|x86.Build.0 = Release|Win32
		{F09F9613-F45E-4A49-AD61-C938D409F692}.Debug|x64.ActiveCfg = Debug|x64
		{F09F9613-F45E-4A49-AD61-C938D409F692}.Debug|x64.Build.0 = Debug|x64
		{F09F9613-F45E-4A49-AD61-C938D409F692}.Debug|x86.ActiveCfg = Debug|Win32
		{F09F9613-F45E-4A49-AD61-C938D409F692}.Debug|x86.Build.0 = Debug|Win32
		{F09F9613-F45E-4A49-AD61-C938D409F692}.Release|x64.ActiveCfg = Release|x64
		{F09F9613-F45E-4A49-AD61-C938D409F692}.Release|x64.Build.0 = Release|x64
		{F09F9613-F45E-4A49-AD61-C938D409F692}.Release|x86.ActiveCfg = Release|Win32
		{F09F9613-F45E-4A49-AD61-C938D409F692}.Release|x86.Build.0 = Release|Win32
		{F479ECB2-A42A-4AC7-9903-25CF6FB8ACC9}.Debug|x64.ActiveCfg = Debug|x64
		{F479ECB2-A42A-4AC7-9903-25CF6FB8ACC9}.Debug|x64.Build.0 = Debug|x64
		{F479ECB2-A42A-4AC7-9903-25CF6FB8ACC9}.Debug|x86.ActiveCfg = Debug|Win32
		{F479ECB2-A42A-4AC7-9903-25CF6FB8ACC9}.Debug|x86.Build.0 = Debug|Win32
		{F479ECB2-A42A-4AC7-9903-25CF6FB8ACC9}.Release|x64.ActiveCfg = Release|x64
		{F479ECB2-A42A-4AC7-9903-25CF6FB8ACC9}.Release|x64.Build.0 = Release|x64
		{F479ECB2-A42A-4AC7-9903-25CF6FB8ACC9}.Release|x86.ActiveCfg = Release|Win32
		{F479ECB2-A42A-4AC7-9903-25CF6FB8ACC9}.Release|x86.Build.0 = Release|Win32
		{D2CE4707-0B56-4D70-A499-657B12B19673}.Debug|x64.ActiveCfg = Debug|x64
		{D2CE4707-0B56-4D70-A499-657B12B19673}.Debug|x64.Build.0 = Debug|x64
		{D2CE4707-0B56-4D70-A499-657B12B19673}.Debug|x86.ActiveCfg = Debug|Win32
		{D2CE4707-0B56-4D70-A499-657B12B19673}.Debug|x86.Build.0 = Debug|Win32
		{D2CE4707-0B56-4D70-A499-657B12B19673}.Release|x64.ActiveCfg = Release|x64
		{D2CE4707-0B56-4D70-A499-657B12B19673}.Release|x64.Build.0 = Release|x64
		{D2CE4707-0B56-4D70-A499-657B12B19673}.Release|x86.ActiveCfg = Release|Win32
		{D2CE4707-0B56-4D70-A499-657B12B19673}.Release|x86.Build.0 = Release|Win32
		{D4877EE6-3144-4A85-82FC-444431BA7BB9}.Debug|x64.ActiveCfg = Debug|x64
		{D4877EE6-3144-4A85-82FC-444431BA7BB9}.Debug|x64.Build.0 = Debug|x64
		{D4877EE6-3144-4A85-82FC-444431BA7BB9}.Debug|x86.ActiveCfg = Debug|Win32
		{D4877EE6-3144-4A85-82FC-444431BA7BB9}.Debug|x86.Build.0 = Debug|Win32
		{D4877EE6-3144-4A85-82FC-444431BA7BB9}.Release|x64.ActiveCfg = Release|x64
		{D4877EE6-3144-4A85-82FC-444431BA7BB9}.Release|x64.Build.0 = Release|x64
		{D4877EE6-3144-4A85-82FC-444431BA7BB9}.Release|x86.ActiveCfg = Release|Win32
		{D4877EE6-3144-4A85-82FC-444431BA7BB9}.Release|x86.Build.0 = Release|Win32
		{C2E9BA34-88F9-4F14-9C57-337E94C7947A}.Debug|x64.ActiveCfg = Debug|x64
		{C2E9BA34-88F9-4F14-9C57-337E94C7947A}.Debug|x64.Build.0 = Debug|x64
		{C2E9BA34-88F9-4F14-9C57-337E94C7947A}.Debug|x86.ActiveCfg = Debug|Win32
		{C2E9BA34-88F9-4F14-9C57-337E94C7947A}.Debug|x86.Build.0 = Debug|Win32
		{C2E9BA34-88F9-4F14-9C57-337E94C7947A}.Release|x64.ActiveCfg = Release|x64
		{C2E9BA34-88F9-4F14-9C57-337E94C7947A}.Release|x64.Build.0 = Release|x64
		{C2E9BA34-88F9-4F14-9C57-337E94C7947A}.Release|x86.ActiveCfg = Release|Win32
		{C2E9BA34-88F9-4F14-9C57-337E94C7947A}.Release|x86.Build.0 = Release|Win32
		{0B538C2C-9D6B-477A-AF2D-5FCEB36E9412}.Debug|x64.ActiveCfg = Debug|x64
		{0B538C2C-9D6B-477A-AF2D-5FCEB36E9412}.Debug|x64.Build.0 = Debug|x64
		{0B538C2C-9D6B-477A-AF2D-5FCEB36E9412}.Debug|x86.ActiveCfg = Debug|Win32
		{0B538C2C-9D6B-477A-AF2D-5FCEB36E9412}.Debug|x86.Build.0 = Debug|Win32
		{0B538C2C-9D6B-477A-AF2D-5FCEB36E9412}.Release|x64.ActiveCfg = Release|x64
		{0B538C2C-9D6B-477A-AF2D-5FCEB36E9412}.Release|x64.Build.0 = Release|x64
		{0B538C2C-9D6B-477A-AF2D-5FCEB36E9412}.Release|x86.ActiveCfg = Release|Win32
		{0B538C2C-9D6B-477A-AF2D-5FCEB36E9412}.Release|x86.Build.0 = Release|Win32
		{B2C2BEB9-8708-4E34-A145-E9809E98825C}.Debug|x64.ActiveCfg = Debug|x64
		{B2C2BEB9-8708-4E34-A145-E9809E98825C}.Debug|x64.Build.0 = Debug|x64
		{B2C2BEB9-8708-4E34-A145-E9809E98825C}.Debug|x86.ActiveCfg = Debug|Win32
		{B2C2BEB9-8708-4E34-A145-E9809E98825C}.Debug|x86.Build.0 = Debug|Win32
		{B2C2BEB9-8708-4E34-A145-E9809E98825C}.Release|x64.ActiveCfg = Release|x64
		{B2C2BEB9-8708-4E34-A145-E9809E98825C}.Release|x64.Build.0 = Release|x64
		{B2C2BEB9-8708-4E34-A145-E9809E98825C}.Release|x86.ActiveCfg = Release|Win32
		{B2C2BEB9-8708-4E34-A145-E9809E98825C}.Release|x86.Build.0 = Release|Win32
		{8223EDF6-0D51-4DB6-9444-3CE6B629CA7F}.Debug|x64.ActiveCfg = Debug|x64
		{8223EDF6-0D51-4DB6-9444-3CE6B629CA7F}.Debug|x64.Build.0 = Debug|x64
		{8223EDF6-0D51-4DB6-9444-3CE6B629CA7F}.Debug|x86.ActiveCfg = Debug|Win32
		{8223EDF6-0D51-4DB6-9444-3CE6B629CA7F}.Debug|x86.Build.0 = Debug|Win32
		{8223EDF6-0D51-4DB6-9444-3CE6B629CA7F}.Release|x64.ActiveCfg = Release|x64
		{8223EDF6-0D51-4DB6-9444-3CE6B629CA7F}.Release|x64.Build.0 = Release|x64
		{8223EDF6-0D51-4DB6-9444-3CE6B629CA7F}.Release|x86.ActiveCfg = Release|Win32
		{8223EDF6-0D51-4DB6-9444-3CE6B629CA7F}.Release|x86.Build.0 = Release|Win32
		{5D8E882F-F48C-46AC-A533-E1F6F8F593DB}.Debug|x64.ActiveCfg = Debug|x64
		{5D8E882F-F48C-46AC-A533-E1F6F8F593DB}.Debug|x64.Build.0 = Debug|x64
		{5D8E882F-F48C-46AC-A533-E1F6F8F593DB}.Debug|x86.ActiveCfg = Debug|Win32
		{5D8E882F-F48C-46AC-A533-E1F6F8F593DB}.Debug|x86.Build.0 = Debug|Win32
		{5D8E882F-F48C-46AC-A533-E1F6F8F593DB}.Release|x64.ActiveCfg = Release|x64
		{5D8E882F-F48C-46AC-A533-E1F6F8F593DB}.Release|x64.Build.0 = Release|x64
		{5D8E882F-F48C-46AC-A533-E1F6F8F593DB}.Release|x86.ActiveCfg = Release|Win32
		{5D8E882F-F48C-46AC-A533-E1F6F8F593DB}.Release|x86.Build.0 = Release|Win32
		{0BC79D34-4953-4186-91DD-AC7661930521}.Debug|x64.ActiveCfg = Debug|x64
		{0BC79D34-4953-4186-91DD-AC7661930521}.Debug|x64.Build.0 = Debug|x64
		{0BC79D34-4953-4186-91DD-AC7661930521}.Debug|x86.ActiveCfg = Debug|Win32
		{0BC79D34-4953-4186-91DD-AC7661930521}.Debug|x86.Build.0 = Debug|Win32
		{0BC79D34-4953-4186-91DD-AC7661930521}.Release|x64.ActiveCfg = Release|x64
		{0BC79D34-4953-4186-91DD-AC7661930521}.Release|x64.Build.0 = Release|x64
		{0BC79D34-4953-4186-91DD-AC7661930521}.Release|x86.ActiveCfg = Release|Win32
		{0BC79D34-4953-4186-91DD-AC7661930521}.Release|x86.Build.0 = Release|Win32
		{1397E297-7736-44B8-BE35-8D70AC352764}.Debug|x64.ActiveCfg = Debug|x64
		{1397E297-7736-44B8-BE35-8D70AC352764}.Debug|x64.Build.0 = Debug|x64
		{1397E297-7736-44B8-BE35-8D70AC352764}.Debug|x86.ActiveCfg = Debug|Win32
		{1397E297-7736-44B8-BE35-8D70AC352764}.Debug|x86.Build.0 = Debug|Win32
		{1397E297-7736-44B8-BE35-8D70AC352764}.Release|x64.ActiveCfg = Release|x64
		{1397E297-7736-44B8-BE35-8D70AC352764}.Release|x64.Build.0 = Release|x64
		{1397E297-7736-44B8-BE35-8D70AC352764}.Release|x86.ActiveCfg = Release|Win32
		{1397E297-7736-44B8-BE35-8D70AC352764}.Release|x86.Build.0 = Release|Win32
		{5CDA98F5-1CFF-4C4A-8DD5-E5690AD9055D}.Debug|x64.ActiveCfg = Debug|x64
		{5CDA98F5-1CFF-4C4A-8DD5-E5690AD9055D}.Debug|x64.Build.0 = Debug|x64
		{5CDA98F5-1CFF-4C4A-8DD5-E5690AD9055D}.Debug|x86.ActiveCfg = Debug|Win32
		{5CDA98F5-1CFF-4C4A-8DD5-E5690AD9055D}.Debug|x86.Build.0 = Debug|Win32
		{5CDA98F5-1CFF-4C4A-8DD5-E5690AD9055D}.Release|x64.ActiveCfg = Release|x64
		{5CDA98F5-1CFF-4C4A-8DD5-E5690AD9055D}.Release|x64.Build.0 = Release|x64
		{5CDA98F5-1CFF-4C4A-8DD5-E5690AD9055D}.Release|x86.ActiveCfg = Release|Win32
		{5CDA98F5-1CFF-4C4A-8DD5-E5690AD9055D}.Release|x86.Build.0 = Release|Win32
		{65FCD815-E7FF-4A47-9C43-5091633E239B}.Debug|x64.ActiveCfg = Debug|x64
		{65FCD815-E7FF-4A47-9C43-5091633E239B}.Debug|x64.Build.0 = Debug|x64
		{65FCD815-E7FF-4A47-9C43-5091633E239B}.Debug|x86.ActiveCfg = Debug|Win32
		{65FCD815-E7FF-4A47-9C43-5091633E239B}.Debug|x86.Build.0 = Debug|Win32
		{65FCD815-E7FF-4A47-9C43-5091633E239B}.Release|x64.ActiveCfg = Release|x64
		{65FCD815-E7FF-4A47-9C43-5091633E239B}.Release|x64.Build.0 = Release|x64
		{65FCD815-E7FF-4A47-9C43-5091633E239B}.Release|x86.ActiveCfg = Release|Win32
		{65FCD815-E7FF-4A47-9C43-5091633E239B}.Release|x86.Build.0 = Release|Win32
	EndGlobalSection
	GlobalSection(SolutionProperties) = preSolution
		HideSolutionNode = FALSE
	EndGlobalSection
	GlobalSection(ExtensibilityGlobals) = postSolution
		SolutionGuid = {11D21B6B-21F2-4F26-9780-0B6159CB1AB3}
	EndGlobalSection
EndGlobal
